
Microsoft Visual Studio Solution File, Format Version 12.00
# Visual Studio 15
VisualStudioVersion = 15.0.26730.16
MinimumVisualStudioVersion = 10.0.40219.1
Project("{159641D6-6404-4A2A-AE62-294DE0FE8301}") = "SSDMaral.ETL", "SSDMaral.ETL\SSDMaral.ETL.dtproj", "{2B87AAA9-F4D9-4013-8AB8-EFBFD4A09A6E}"
EndProject
Project("{00D1A9C2-B5F0-4AF3-8072-F6C62B433612}") = "SSdMaral.DataMart", "SSdMaral.DataMart\SSDMaral.DataMart.sqlproj", "{48A0F2BA-5FBD-4D25-B345-5DE72BA2C97D}"
EndProject
Project("{00D1A9C2-B5F0-4AF3-8072-F6C62B433612}") = "SSDMaral.Datawarehouse", "SSDMaral.Datawarehouse\SSDMaral.Datawarehouse.sqlproj", "{607A3F7C-9245-41B8-B2A8-42B4A61F5275}"
EndProject
Global
	GlobalSection(SolutionConfigurationPlatforms) = preSolution
		Debug|Any CPU = Debug|Any CPU
		Development|Any CPU = Development|Any CPU
		Release|Any CPU = Release|Any CPU
	EndGlobalSection
	GlobalSection(ProjectConfigurationPlatforms) = postSolution
		{2B87AAA9-F4D9-4013-8AB8-EFBFD4A09A6E}.Debug|Any CPU.ActiveCfg = Development
		{2B87AAA9-F4D9-4013-8AB8-EFBFD4A09A6E}.Debug|Any CPU.Build.0 = Development
		{2B87AAA9-F4D9-4013-8AB8-EFBFD4A09A6E}.Development|Any CPU.ActiveCfg = Development
		{2B87AAA9-F4D9-4013-8AB8-EFBFD4A09A6E}.Development|Any CPU.Build.0 = Development
		{2B87AAA9-F4D9-4013-8AB8-EFBFD4A09A6E}.Release|Any CPU.ActiveCfg = Development
		{2B87AAA9-F4D9-4013-8AB8-EFBFD4A09A6E}.Release|Any CPU.Build.0 = Development
		{48A0F2BA-5FBD-4D25-B345-5DE72BA2C97D}.Debug|Any CPU.ActiveCfg = Debug|Any CPU
		{48A0F2BA-5FBD-4D25-B345-5DE72BA2C97D}.Debug|Any CPU.Build.0 = Debug|Any CPU
		{48A0F2BA-5FBD-4D25-B345-5DE72BA2C97D}.Debug|Any CPU.Deploy.0 = Debug|Any CPU
		{48A0F2BA-5FBD-4D25-B345-5DE72BA2C97D}.Development|Any CPU.ActiveCfg = Debug|Any CPU
		{48A0F2BA-5FBD-4D25-B345-5DE72BA2C97D}.Development|Any CPU.Build.0 = Debug|Any CPU
		{48A0F2BA-5FBD-4D25-B345-5DE72BA2C97D}.Development|Any CPU.Deploy.0 = Debug|Any CPU
		{48A0F2BA-5FBD-4D25-B345-5DE72BA2C97D}.Release|Any CPU.ActiveCfg = Release|Any CPU
		{48A0F2BA-5FBD-4D25-B345-5DE72BA2C97D}.Release|Any CPU.Build.0 = Release|Any CPU
		{48A0F2BA-5FBD-4D25-B345-5DE72BA2C97D}.Release|Any CPU.Deploy.0 = Release|Any CPU
		{607A3F7C-9245-41B8-B2A8-42B4A61F5275}.Debug|Any CPU.ActiveCfg = Debug|Any CPU
		{607A3F7C-9245-41B8-B2A8-42B4A61F5275}.Debug|Any CPU.Build.0 = Debug|Any CPU
		{607A3F7C-9245-41B8-B2A8-42B4A61F5275}.Debug|Any CPU.Deploy.0 = Debug|Any CPU
		{607A3F7C-9245-41B8-B2A8-42B4A61F5275}.Development|Any CPU.ActiveCfg = Debug|Any CPU
		{607A3F7C-9245-41B8-B2A8-42B4A61F5275}.Development|Any CPU.Build.0 = Debug|Any CPU
		{607A3F7C-9245-41B8-B2A8-42B4A61F5275}.Development|Any CPU.Deploy.0 = Debug|Any CPU
		{607A3F7C-9245-41B8-B2A8-42B4A61F5275}.Release|Any CPU.ActiveCfg = Release|Any CPU
		{607A3F7C-9245-41B8-B2A8-42B4A61F5275}.Release|Any CPU.Build.0 = Release|Any CPU
		{607A3F7C-9245-41B8-B2A8-42B4A61F5275}.Release|Any CPU.Deploy.0 = Release|Any CPU
	EndGlobalSection
	GlobalSection(SolutionProperties) = preSolution
		HideSolutionNode = FALSE
	EndGlobalSection
	GlobalSection(ExtensibilityGlobals) = postSolution
		SolutionGuid = {4F3FE15C-9F05-4E2C-9055-23AD3ED687A9}
	EndGlobalSection
EndGlobal
